// !$*UTF8*$!
{
	archiveVersion = 1;
	classes = {
	};
	objectVersion = 55;
	objects = {

/* Begin PBXBuildFile section */
		8E2D3DA9290FFA8A00DFD605 /* AppDelegate.swift in Sources */ = {isa = PBXBuildFile; fileRef = 8E2D3DA8290FFA8A00DFD605 /* AppDelegate.swift */; };
		8E2D3DAB290FFA8A00DFD605 /* SceneDelegate.swift in Sources */ = {isa = PBXBuildFile; fileRef = 8E2D3DAA290FFA8A00DFD605 /* SceneDelegate.swift */; };
		8E2D3DAD290FFA8A00DFD605 /* BaseTableViewController.swift in Sources */ = {isa = PBXBuildFile; fileRef = 8E2D3DAC290FFA8A00DFD605 /* BaseTableViewController.swift */; };
		8E2D3DB0290FFA8A00DFD605 /* Main.storyboard in Resources */ = {isa = PBXBuildFile; fileRef = 8E2D3DAE290FFA8A00DFD605 /* Main.storyboard */; };
		8E2D3DB2290FFA8C00DFD605 /* Assets.xcassets in Resources */ = {isa = PBXBuildFile; fileRef = 8E2D3DB1290FFA8C00DFD605 /* Assets.xcassets */; };
		8E2D3DB5290FFA8C00DFD605 /* LaunchScreen.storyboard in Resources */ = {isa = PBXBuildFile; fileRef = 8E2D3DB3290FFA8C00DFD605 /* LaunchScreen.storyboard */; };
		8E2D3DF8291BE5C900DFD605 /* Movie.swift in Sources */ = {isa = PBXBuildFile; fileRef = 8E2D3DF7291BE5C900DFD605 /* Movie.swift */; };
		8E2D3DFA291BE60B00DFD605 /* MoviesListProvider.swift in Sources */ = {isa = PBXBuildFile; fileRef = 8E2D3DF9291BE60B00DFD605 /* MoviesListProvider.swift */; };
		8E2D3DFE291D2EB500DFD605 /* FavoritesTableViewController.swift in Sources */ = {isa = PBXBuildFile; fileRef = 8E2D3DFD291D2EB500DFD605 /* FavoritesTableViewController.swift */; };
		8E2D3E01291D3C2100DFD605 /* Details.swift in Sources */ = {isa = PBXBuildFile; fileRef = 8E2D3E00291D3C2100DFD605 /* Details.swift */; };
		8E2D3E03291D3C3D00DFD605 /* Genre.swift in Sources */ = {isa = PBXBuildFile; fileRef = 8E2D3E02291D3C3D00DFD605 /* Genre.swift */; };
		8E2D3E06291E8A7000DFD605 /* MovieTableViewCell.swift in Sources */ = {isa = PBXBuildFile; fileRef = 8E2D3E04291E8A7000DFD605 /* MovieTableViewCell.swift */; };
		8E2D3E07291E8A7000DFD605 /* MovieTableViewCell.xib in Resources */ = {isa = PBXBuildFile; fileRef = 8E2D3E05291E8A7000DFD605 /* MovieTableViewCell.xib */; };
		8E2D3E092926860E00DFD605 /* Array+Extension.swift in Sources */ = {isa = PBXBuildFile; fileRef = 8E2D3E082926860D00DFD605 /* Array+Extension.swift */; };
		8E2D3E0B2927A3C300DFD605 /* NetworkManager.swift in Sources */ = {isa = PBXBuildFile; fileRef = 8E2D3E0A2927A3C300DFD605 /* NetworkManager.swift */; };
		8E2D3E0D2927A3ED00DFD605 /* ClientResponse.swift in Sources */ = {isa = PBXBuildFile; fileRef = 8E2D3E0C2927A3ED00DFD605 /* ClientResponse.swift */; };
		8E2D3E0F2927B43500DFD605 /* String+Extension.swift in Sources */ = {isa = PBXBuildFile; fileRef = 8E2D3E0E2927B43500DFD605 /* String+Extension.swift */; };
		8E2D3E112927BBCD00DFD605 /* CustomError.swift in Sources */ = {isa = PBXBuildFile; fileRef = 8E2D3E102927BBCD00DFD605 /* CustomError.swift */; };
		8E2D3E13292E25BA00DFD605 /* Date+Extension.swift in Sources */ = {isa = PBXBuildFile; fileRef = 8E2D3E12292E25BA00DFD605 /* Date+Extension.swift */; };
		8E5A66C7292F69950043F8D8 /* MovieDescriptionTableViewCell.swift in Sources */ = {isa = PBXBuildFile; fileRef = 8E5A66C5292F69950043F8D8 /* MovieDescriptionTableViewCell.swift */; };
		8E5A66C8292F69950043F8D8 /* MovieDescriptionTableViewCell.xib in Resources */ = {isa = PBXBuildFile; fileRef = 8E5A66C6292F69950043F8D8 /* MovieDescriptionTableViewCell.xib */; };
		8E5A66CC292F710F0043F8D8 /* GenreCollectionViewCell.swift in Sources */ = {isa = PBXBuildFile; fileRef = 8E5A66CA292F710F0043F8D8 /* GenreCollectionViewCell.swift */; };
		8E5A66CD292F710F0043F8D8 /* GenreCollectionViewCell.xib in Resources */ = {isa = PBXBuildFile; fileRef = 8E5A66CB292F710F0043F8D8 /* GenreCollectionViewCell.xib */; };
		8EAA02C7292E6C7900330804 /* MovieDetailsTableViewController.swift in Sources */ = {isa = PBXBuildFile; fileRef = 8EAA02C6292E6C7900330804 /* MovieDetailsTableViewController.swift */; };
		8EAA02CA292EA71900330804 /* MovieTitleTableViewCell.swift in Sources */ = {isa = PBXBuildFile; fileRef = 8EAA02C8292EA71900330804 /* MovieTitleTableViewCell.swift */; };
		8EAA02CB292EA71900330804 /* MovieTitleTableViewCell.xib in Resources */ = {isa = PBXBuildFile; fileRef = 8EAA02C9292EA71900330804 /* MovieTitleTableViewCell.xib */; };
		8EAA02CE292F65B700330804 /* BackdropTableViewCell.swift in Sources */ = {isa = PBXBuildFile; fileRef = 8EAA02CC292F65B700330804 /* BackdropTableViewCell.swift */; };
		8EAA02CF292F65B700330804 /* BackdropTableViewCell.xib in Resources */ = {isa = PBXBuildFile; fileRef = 8EAA02CD292F65B700330804 /* BackdropTableViewCell.xib */; };
/* End PBXBuildFile section */

/* Begin PBXFileReference section */
		8E2D3DA5290FFA8A00DFD605 /* MoviesApp.app */ = {isa = PBXFileReference; explicitFileType = wrapper.application; includeInIndex = 0; path = MoviesApp.app; sourceTree = BUILT_PRODUCTS_DIR; };
		8E2D3DA8290FFA8A00DFD605 /* AppDelegate.swift */ = {isa = PBXFileReference; lastKnownFileType = sourcecode.swift; path = AppDelegate.swift; sourceTree = "<group>"; };
		8E2D3DAA290FFA8A00DFD605 /* SceneDelegate.swift */ = {isa = PBXFileReference; lastKnownFileType = sourcecode.swift; path = SceneDelegate.swift; sourceTree = "<group>"; };
		8E2D3DAC290FFA8A00DFD605 /* BaseTableViewController.swift */ = {isa = PBXFileReference; lastKnownFileType = sourcecode.swift; path = BaseTableViewController.swift; sourceTree = "<group>"; };
		8E2D3DAF290FFA8A00DFD605 /* Base */ = {isa = PBXFileReference; lastKnownFileType = file.storyboard; name = Base; path = Base.lproj/Main.storyboard; sourceTree = "<group>"; };
		8E2D3DB1290FFA8C00DFD605 /* Assets.xcassets */ = {isa = PBXFileReference; lastKnownFileType = folder.assetcatalog; path = Assets.xcassets; sourceTree = "<group>"; };
		8E2D3DB4290FFA8C00DFD605 /* Base */ = {isa = PBXFileReference; lastKnownFileType = file.storyboard; name = Base; path = Base.lproj/LaunchScreen.storyboard; sourceTree = "<group>"; };
		8E2D3DB6290FFA8C00DFD605 /* Info.plist */ = {isa = PBXFileReference; lastKnownFileType = text.plist.xml; path = Info.plist; sourceTree = "<group>"; };
		8E2D3DF7291BE5C900DFD605 /* Movie.swift */ = {isa = PBXFileReference; lastKnownFileType = sourcecode.swift; path = Movie.swift; sourceTree = "<group>"; };
		8E2D3DF9291BE60B00DFD605 /* MoviesListProvider.swift */ = {isa = PBXFileReference; lastKnownFileType = sourcecode.swift; path = MoviesListProvider.swift; sourceTree = "<group>"; };
		8E2D3DFD291D2EB500DFD605 /* FavoritesTableViewController.swift */ = {isa = PBXFileReference; lastKnownFileType = sourcecode.swift; path = FavoritesTableViewController.swift; sourceTree = "<group>"; };
		8E2D3E00291D3C2100DFD605 /* Details.swift */ = {isa = PBXFileReference; lastKnownFileType = sourcecode.swift; path = Details.swift; sourceTree = "<group>"; };
		8E2D3E02291D3C3D00DFD605 /* Genre.swift */ = {isa = PBXFileReference; lastKnownFileType = sourcecode.swift; path = Genre.swift; sourceTree = "<group>"; };
		8E2D3E04291E8A7000DFD605 /* MovieTableViewCell.swift */ = {isa = PBXFileReference; lastKnownFileType = sourcecode.swift; path = MovieTableViewCell.swift; sourceTree = "<group>"; };
		8E2D3E05291E8A7000DFD605 /* MovieTableViewCell.xib */ = {isa = PBXFileReference; lastKnownFileType = file.xib; path = MovieTableViewCell.xib; sourceTree = "<group>"; };
		8E2D3E082926860D00DFD605 /* Array+Extension.swift */ = {isa = PBXFileReference; lastKnownFileType = sourcecode.swift; path = "Array+Extension.swift"; sourceTree = "<group>"; };
		8E2D3E0A2927A3C300DFD605 /* NetworkManager.swift */ = {isa = PBXFileReference; lastKnownFileType = sourcecode.swift; path = NetworkManager.swift; sourceTree = "<group>"; };
		8E2D3E0C2927A3ED00DFD605 /* ClientResponse.swift */ = {isa = PBXFileReference; lastKnownFileType = sourcecode.swift; path = ClientResponse.swift; sourceTree = "<group>"; };
		8E2D3E0E2927B43500DFD605 /* String+Extension.swift */ = {isa = PBXFileReference; lastKnownFileType = sourcecode.swift; path = "String+Extension.swift"; sourceTree = "<group>"; };
		8E2D3E102927BBCD00DFD605 /* CustomError.swift */ = {isa = PBXFileReference; lastKnownFileType = sourcecode.swift; path = CustomError.swift; sourceTree = "<group>"; };
		8E2D3E12292E25BA00DFD605 /* Date+Extension.swift */ = {isa = PBXFileReference; lastKnownFileType = sourcecode.swift; path = "Date+Extension.swift"; sourceTree = "<group>"; };
		8E5A66C5292F69950043F8D8 /* MovieDescriptionTableViewCell.swift */ = {isa = PBXFileReference; lastKnownFileType = sourcecode.swift; path = MovieDescriptionTableViewCell.swift; sourceTree = "<group>"; };
		8E5A66C6292F69950043F8D8 /* MovieDescriptionTableViewCell.xib */ = {isa = PBXFileReference; lastKnownFileType = file.xib; path = MovieDescriptionTableViewCell.xib; sourceTree = "<group>"; };
		8E5A66CA292F710F0043F8D8 /* GenreCollectionViewCell.swift */ = {isa = PBXFileReference; lastKnownFileType = sourcecode.swift; path = GenreCollectionViewCell.swift; sourceTree = "<group>"; };
		8E5A66CB292F710F0043F8D8 /* GenreCollectionViewCell.xib */ = {isa = PBXFileReference; lastKnownFileType = file.xib; path = GenreCollectionViewCell.xib; sourceTree = "<group>"; };
		8EAA02C6292E6C7900330804 /* MovieDetailsTableViewController.swift */ = {isa = PBXFileReference; lastKnownFileType = sourcecode.swift; path = MovieDetailsTableViewController.swift; sourceTree = "<group>"; };
		8EAA02C8292EA71900330804 /* MovieTitleTableViewCell.swift */ = {isa = PBXFileReference; lastKnownFileType = sourcecode.swift; path = MovieTitleTableViewCell.swift; sourceTree = "<group>"; };
		8EAA02C9292EA71900330804 /* MovieTitleTableViewCell.xib */ = {isa = PBXFileReference; lastKnownFileType = file.xib; path = MovieTitleTableViewCell.xib; sourceTree = "<group>"; };
		8EAA02CC292F65B700330804 /* BackdropTableViewCell.swift */ = {isa = PBXFileReference; lastKnownFileType = sourcecode.swift; path = BackdropTableViewCell.swift; sourceTree = "<group>"; };
		8EAA02CD292F65B700330804 /* BackdropTableViewCell.xib */ = {isa = PBXFileReference; lastKnownFileType = file.xib; path = BackdropTableViewCell.xib; sourceTree = "<group>"; };
/* End PBXFileReference section */

/* Begin PBXFrameworksBuildPhase section */
		8E2D3DA2290FFA8A00DFD605 /* Frameworks */ = {
			isa = PBXFrameworksBuildPhase;
			buildActionMask = 2147483647;
			files = (
			);
			runOnlyForDeploymentPostprocessing = 0;
		};
/* End PBXFrameworksBuildPhase section */

/* Begin PBXGroup section */
		8E2D3D9C290FFA8A00DFD605 = {
			isa = PBXGroup;
			children = (
				8E2D3DA7290FFA8A00DFD605 /* MoviesApp */,
				8E2D3DA6290FFA8A00DFD605 /* Products */,
			);
			sourceTree = "<group>";
		};
		8E2D3DA6290FFA8A00DFD605 /* Products */ = {
			isa = PBXGroup;
			children = (
				8E2D3DA5290FFA8A00DFD605 /* MoviesApp.app */,
			);
			name = Products;
			sourceTree = "<group>";
		};
		8E2D3DA7290FFA8A00DFD605 /* MoviesApp */ = {
			isa = PBXGroup;
			children = (
				8E2D3DFC291BF53C00DFD605 /* Controller */,
				8E2D3DFB291BF52800DFD605 /* View */,
				8E2D3DF6291BE5B500DFD605 /* Model */,
				8E2D3DA8290FFA8A00DFD605 /* AppDelegate.swift */,
				8E2D3DAA290FFA8A00DFD605 /* SceneDelegate.swift */,
				8E2D3DB1290FFA8C00DFD605 /* Assets.xcassets */,
				8E2D3DB3290FFA8C00DFD605 /* LaunchScreen.storyboard */,
				8E2D3DB6290FFA8C00DFD605 /* Info.plist */,
			);
			path = MoviesApp;
			sourceTree = "<group>";
		};
		8E2D3DF6291BE5B500DFD605 /* Model */ = {
			isa = PBXGroup;
			children = (
				8E2D3DF7291BE5C900DFD605 /* Movie.swift */,
				8E2D3DF9291BE60B00DFD605 /* MoviesListProvider.swift */,
				8E2D3E00291D3C2100DFD605 /* Details.swift */,
				8E2D3E02291D3C3D00DFD605 /* Genre.swift */,
				8E2D3E082926860D00DFD605 /* Array+Extension.swift */,
				8E2D3E0A2927A3C300DFD605 /* NetworkManager.swift */,
				8E2D3E0C2927A3ED00DFD605 /* ClientResponse.swift */,
				8E2D3E0E2927B43500DFD605 /* String+Extension.swift */,
				8E2D3E102927BBCD00DFD605 /* CustomError.swift */,
				8E2D3E12292E25BA00DFD605 /* Date+Extension.swift */,
			);
			path = Model;
			sourceTree = "<group>";
		};
		8E2D3DFB291BF52800DFD605 /* View */ = {
			isa = PBXGroup;
			children = (
				8E2D3DAE290FFA8A00DFD605 /* Main.storyboard */,
				8E2D3E05291E8A7000DFD605 /* MovieTableViewCell.xib */,
				8E2D3E04291E8A7000DFD605 /* MovieTableViewCell.swift */,
				8EAA02C8292EA71900330804 /* MovieTitleTableViewCell.swift */,
				8EAA02C9292EA71900330804 /* MovieTitleTableViewCell.xib */,
				8EAA02CC292F65B700330804 /* BackdropTableViewCell.swift */,
				8EAA02CD292F65B700330804 /* BackdropTableViewCell.xib */,
				8E5A66C5292F69950043F8D8 /* MovieDescriptionTableViewCell.swift */,
				8E5A66C6292F69950043F8D8 /* MovieDescriptionTableViewCell.xib */,
				8E5A66CA292F710F0043F8D8 /* GenreCollectionViewCell.swift */,
				8E5A66CB292F710F0043F8D8 /* GenreCollectionViewCell.xib */,
			);
			path = View;
			sourceTree = "<group>";
		};
		8E2D3DFC291BF53C00DFD605 /* Controller */ = {
			isa = PBXGroup;
			children = (
				8E2D3DAC290FFA8A00DFD605 /* BaseTableViewController.swift */,
				8E2D3DFD291D2EB500DFD605 /* FavoritesTableViewController.swift */,
				8EAA02C6292E6C7900330804 /* MovieDetailsTableViewController.swift */,
			);
			path = Controller;
			sourceTree = "<group>";
		};
/* End PBXGroup section */

/* Begin PBXNativeTarget section */
		8E2D3DA4290FFA8A00DFD605 /* MoviesApp */ = {
			isa = PBXNativeTarget;
			buildConfigurationList = 8E2D3DB9290FFA8C00DFD605 /* Build configuration list for PBXNativeTarget "MoviesApp" */;
			buildPhases = (
				8E2D3DA1290FFA8A00DFD605 /* Sources */,
				8E2D3DA2290FFA8A00DFD605 /* Frameworks */,
				8E2D3DA3290FFA8A00DFD605 /* Resources */,
			);
			buildRules = (
			);
			dependencies = (
			);
			name = MoviesApp;
			productName = MoviesApp;
			productReference = 8E2D3DA5290FFA8A00DFD605 /* MoviesApp.app */;
			productType = "com.apple.product-type.application";
		};
/* End PBXNativeTarget section */

/* Begin PBXProject section */
		8E2D3D9D290FFA8A00DFD605 /* Project object */ = {
			isa = PBXProject;
			attributes = {
				BuildIndependentTargetsInParallel = 1;
				LastSwiftUpdateCheck = 1400;
				LastUpgradeCheck = 1400;
				TargetAttributes = {
					8E2D3DA4290FFA8A00DFD605 = {
						CreatedOnToolsVersion = 14.0.1;
					};
				};
			};
			buildConfigurationList = 8E2D3DA0290FFA8A00DFD605 /* Build configuration list for PBXProject "MoviesApp" */;
			compatibilityVersion = "Xcode 13.0";
			developmentRegion = en;
			hasScannedForEncodings = 0;
			knownRegions = (
				en,
				Base,
			);
			mainGroup = 8E2D3D9C290FFA8A00DFD605;
			productRefGroup = 8E2D3DA6290FFA8A00DFD605 /* Products */;
			projectDirPath = "";
			projectRoot = "";
			targets = (
				8E2D3DA4290FFA8A00DFD605 /* MoviesApp */,
			);
		};
/* End PBXProject section */

/* Begin PBXResourcesBuildPhase section */
		8E2D3DA3290FFA8A00DFD605 /* Resources */ = {
			isa = PBXResourcesBuildPhase;
			buildActionMask = 2147483647;
			files = (
				8E2D3DB5290FFA8C00DFD605 /* LaunchScreen.storyboard in Resources */,
				8E2D3DB2290FFA8C00DFD605 /* Assets.xcassets in Resources */,
				8E2D3E07291E8A7000DFD605 /* MovieTableViewCell.xib in Resources */,
				8E5A66C8292F69950043F8D8 /* MovieDescriptionTableViewCell.xib in Resources */,
				8E5A66CD292F710F0043F8D8 /* GenreCollectionViewCell.xib in Resources */,
				8EAA02CB292EA71900330804 /* MovieTitleTableViewCell.xib in Resources */,
				8E2D3DB0290FFA8A00DFD605 /* Main.storyboard in Resources */,
				8EAA02CF292F65B700330804 /* BackdropTableViewCell.xib in Resources */,
			);
			runOnlyForDeploymentPostprocessing = 0;
		};
/* End PBXResourcesBuildPhase section */

/* Begin PBXSourcesBuildPhase section */
		8E2D3DA1290FFA8A00DFD605 /* Sources */ = {
			isa = PBXSourcesBuildPhase;
			buildActionMask = 2147483647;
			files = (
				8EAA02C7292E6C7900330804 /* MovieDetailsTableViewController.swift in Sources */,
				8EAA02CE292F65B700330804 /* BackdropTableViewCell.swift in Sources */,
				8E2D3DAD290FFA8A00DFD605 /* BaseTableViewController.swift in Sources */,
				8E2D3E0D2927A3ED00DFD605 /* ClientResponse.swift in Sources */,
				8E2D3E092926860E00DFD605 /* Array+Extension.swift in Sources */,
				8E2D3DA9290FFA8A00DFD605 /* AppDelegate.swift in Sources */,
				8E2D3E06291E8A7000DFD605 /* MovieTableViewCell.swift in Sources */,
				8E2D3E13292E25BA00DFD605 /* Date+Extension.swift in Sources */,
				8E2D3E0B2927A3C300DFD605 /* NetworkManager.swift in Sources */,
				8E2D3E0F2927B43500DFD605 /* String+Extension.swift in Sources */,
				8EAA02CA292EA71900330804 /* MovieTitleTableViewCell.swift in Sources */,
				8E2D3E112927BBCD00DFD605 /* CustomError.swift in Sources */,
				8E5A66CC292F710F0043F8D8 /* GenreCollectionViewCell.swift in Sources */,
				8E2D3DF8291BE5C900DFD605 /* Movie.swift in Sources */,
				8E2D3DFA291BE60B00DFD605 /* MoviesListProvider.swift in Sources */,
				8E2D3DFE291D2EB500DFD605 /* FavoritesTableViewController.swift in Sources */,
				8E2D3DAB290FFA8A00DFD605 /* SceneDelegate.swift in Sources */,
				8E2D3E01291D3C2100DFD605 /* Details.swift in Sources */,
				8E2D3E03291D3C3D00DFD605 /* Genre.swift in Sources */,
				8E5A66C7292F69950043F8D8 /* MovieDescriptionTableViewCell.swift in Sources */,
			);
			runOnlyForDeploymentPostprocessing = 0;
		};
/* End PBXSourcesBuildPhase section */

/* Begin PBXVariantGroup section */
		8E2D3DAE290FFA8A00DFD605 /* Main.storyboard */ = {
			isa = PBXVariantGroup;
			children = (
				8E2D3DAF290FFA8A00DFD605 /* Base */,
			);
			name = Main.storyboard;
			sourceTree = "<group>";
		};
		8E2D3DB3290FFA8C00DFD605 /* LaunchScreen.storyboard */ = {
			isa = PBXVariantGroup;
			children = (
				8E2D3DB4290FFA8C00DFD605 /* Base */,
			);
			name = LaunchScreen.storyboard;
			sourceTree = "<group>";
		};
/* End PBXVariantGroup section */

/* Begin XCBuildConfiguration section */
		8E2D3DB7290FFA8C00DFD605 /* Debug */ = {
			isa = XCBuildConfiguration;
			buildSettings = {
				ALWAYS_SEARCH_USER_PATHS = NO;
				CLANG_ANALYZER_NONNULL = YES;
				CLANG_ANALYZER_NUMBER_OBJECT_CONVERSION = YES_AGGRESSIVE;
				CLANG_CXX_LANGUAGE_STANDARD = "gnu++20";
				CLANG_ENABLE_MODULES = YES;
				CLANG_ENABLE_OBJC_ARC = YES;
				CLANG_ENABLE_OBJC_WEAK = YES;
				CLANG_WARN_BLOCK_CAPTURE_AUTORELEASING = YES;
				CLANG_WARN_BOOL_CONVERSION = YES;
				CLANG_WARN_COMMA = YES;
				CLANG_WARN_CONSTANT_CONVERSION = YES;
				CLANG_WARN_DEPRECATED_OBJC_IMPLEMENTATIONS = YES;
				CLANG_WARN_DIRECT_OBJC_ISA_USAGE = YES_ERROR;
				CLANG_WARN_DOCUMENTATION_COMMENTS = YES;
				CLANG_WARN_EMPTY_BODY = YES;
				CLANG_WARN_ENUM_CONVERSION = YES;
				CLANG_WARN_INFINITE_RECURSION = YES;
				CLANG_WARN_INT_CONVERSION = YES;
				CLANG_WARN_NON_LITERAL_NULL_CONVERSION = YES;
				CLANG_WARN_OBJC_IMPLICIT_RETAIN_SELF = YES;
				CLANG_WARN_OBJC_LITERAL_CONVERSION = YES;
				CLANG_WARN_OBJC_ROOT_CLASS = YES_ERROR;
				CLANG_WARN_QUOTED_INCLUDE_IN_FRAMEWORK_HEADER = YES;
				CLANG_WARN_RANGE_LOOP_ANALYSIS = YES;
				CLANG_WARN_STRICT_PROTOTYPES = YES;
				CLANG_WARN_SUSPICIOUS_MOVE = YES;
				CLANG_WARN_UNGUARDED_AVAILABILITY = YES_AGGRESSIVE;
				CLANG_WARN_UNREACHABLE_CODE = YES;
				CLANG_WARN__DUPLICATE_METHOD_MATCH = YES;
				COPY_PHASE_STRIP = NO;
				DEBUG_INFORMATION_FORMAT = dwarf;
				ENABLE_STRICT_OBJC_MSGSEND = YES;
				ENABLE_TESTABILITY = YES;
				GCC_C_LANGUAGE_STANDARD = gnu11;
				GCC_DYNAMIC_NO_PIC = NO;
				GCC_NO_COMMON_BLOCKS = YES;
				GCC_OPTIMIZATION_LEVEL = 0;
				GCC_PREPROCESSOR_DEFINITIONS = (
					"DEBUG=1",
					"$(inherited)",
				);
				GCC_WARN_64_TO_32_BIT_CONVERSION = YES;
				GCC_WARN_ABOUT_RETURN_TYPE = YES_ERROR;
				GCC_WARN_UNDECLARED_SELECTOR = YES;
				GCC_WARN_UNINITIALIZED_AUTOS = YES_AGGRESSIVE;
				GCC_WARN_UNUSED_FUNCTION = YES;
				GCC_WARN_UNUSED_VARIABLE = YES;
				IPHONEOS_DEPLOYMENT_TARGET = 15.0;
				MTL_ENABLE_DEBUG_INFO = INCLUDE_SOURCE;
				MTL_FAST_MATH = YES;
				ONLY_ACTIVE_ARCH = YES;
				SDKROOT = iphoneos;
				SWIFT_ACTIVE_COMPILATION_CONDITIONS = DEBUG;
				SWIFT_OPTIMIZATION_LEVEL = "-Onone";
			};
			name = Debug;
		};
		8E2D3DB8290FFA8C00DFD605 /* Release */ = {
			isa = XCBuildConfiguration;
			buildSettings = {
				ALWAYS_SEARCH_USER_PATHS = NO;
				CLANG_ANALYZER_NONNULL = YES;
				CLANG_ANALYZER_NUMBER_OBJECT_CONVERSION = YES_AGGRESSIVE;
				CLANG_CXX_LANGUAGE_STANDARD = "gnu++20";
				CLANG_ENABLE_MODULES = YES;
				CLANG_ENABLE_OBJC_ARC = YES;
				CLANG_ENABLE_OBJC_WEAK = YES;
				CLANG_WARN_BLOCK_CAPTURE_AUTORELEASING = YES;
				CLANG_WARN_BOOL_CONVERSION = YES;
				CLANG_WARN_COMMA = YES;
				CLANG_WARN_CONSTANT_CONVERSION = YES;
				CLANG_WARN_DEPRECATED_OBJC_IMPLEMENTATIONS = YES;
				CLANG_WARN_DIRECT_OBJC_ISA_USAGE = YES_ERROR;
				CLANG_WARN_DOCUMENTATION_COMMENTS = YES;
				CLANG_WARN_EMPTY_BODY = YES;
				CLANG_WARN_ENUM_CONVERSION = YES;
				CLANG_WARN_INFINITE_RECURSION = YES;
				CLANG_WARN_INT_CONVERSION = YES;
				CLANG_WARN_NON_LITERAL_NULL_CONVERSION = YES;
				CLANG_WARN_OBJC_IMPLICIT_RETAIN_SELF = YES;
				CLANG_WARN_OBJC_LITERAL_CONVERSION = YES;
				CLANG_WARN_OBJC_ROOT_CLASS = YES_ERROR;
				CLANG_WARN_QUOTED_INCLUDE_IN_FRAMEWORK_HEADER = YES;
				CLANG_WARN_RANGE_LOOP_ANALYSIS = YES;
				CLANG_WARN_STRICT_PROTOTYPES = YES;
				CLANG_WARN_SUSPICIOUS_MOVE = YES;
				CLANG_WARN_UNGUARDED_AVAILABILITY = YES_AGGRESSIVE;
				CLANG_WARN_UNREACHABLE_CODE = YES;
				CLANG_WARN__DUPLICATE_METHOD_MATCH = YES;
				COPY_PHASE_STRIP = NO;
				DEBUG_INFORMATION_FORMAT = "dwarf-with-dsym";
				ENABLE_NS_ASSERTIONS = NO;
				ENABLE_STRICT_OBJC_MSGSEND = YES;
				GCC_C_LANGUAGE_STANDARD = gnu11;
				GCC_NO_COMMON_BLOCKS = YES;
				GCC_WARN_64_TO_32_BIT_CONVERSION = YES;
				GCC_WARN_ABOUT_RETURN_TYPE = YES_ERROR;
				GCC_WARN_UNDECLARED_SELECTOR = YES;
				GCC_WARN_UNINITIALIZED_AUTOS = YES_AGGRESSIVE;
				GCC_WARN_UNUSED_FUNCTION = YES;
				GCC_WARN_UNUSED_VARIABLE = YES;
				IPHONEOS_DEPLOYMENT_TARGET = 15.0;
				MTL_ENABLE_DEBUG_INFO = NO;
				MTL_FAST_MATH = YES;
				SDKROOT = iphoneos;
				SWIFT_COMPILATION_MODE = wholemodule;
				SWIFT_OPTIMIZATION_LEVEL = "-O";
				VALIDATE_PRODUCT = YES;
			};
			name = Release;
		};
		8E2D3DBA290FFA8C00DFD605 /* Debug */ = {
			isa = XCBuildConfiguration;
			buildSettings = {
				ASSETCATALOG_COMPILER_APPICON_NAME = AppIcon;
				ASSETCATALOG_COMPILER_GLOBAL_ACCENT_COLOR_NAME = AccentColor;
				CODE_SIGN_STYLE = Automatic;
				CURRENT_PROJECT_VERSION = 1;
				GENERATE_INFOPLIST_FILE = YES;
				INFOPLIST_FILE = MoviesApp/Info.plist;
				INFOPLIST_KEY_UIApplicationSupportsIndirectInputEvents = YES;
				INFOPLIST_KEY_UILaunchStoryboardName = LaunchScreen;
				INFOPLIST_KEY_UIMainStoryboardFile = Main;
				INFOPLIST_KEY_UISupportedInterfaceOrientations_iPad = "UIInterfaceOrientationPortrait UIInterfaceOrientationPortraitUpsideDown UIInterfaceOrientationLandscapeLeft UIInterfaceOrientationLandscapeRight";
				INFOPLIST_KEY_UISupportedInterfaceOrientations_iPhone = "UIInterfaceOrientationPortrait UIInterfaceOrientationLandscapeLeft UIInterfaceOrientationLandscapeRight";
				LD_RUNPATH_SEARCH_PATHS = (
					"$(inherited)",
					"@executable_path/Frameworks",
				);
				MARKETING_VERSION = 1.0;
				PRODUCT_BUNDLE_IDENTIFIER = com.apostolclaudia.MoviesApp;
				PRODUCT_NAME = "$(TARGET_NAME)";
				SWIFT_EMIT_LOC_STRINGS = YES;
				SWIFT_VERSION = 5.0;
				TARGETED_DEVICE_FAMILY = "1,2";
			};
			name = Debug;
		};
		8E2D3DBB290FFA8C00DFD605 /* Release */ = {
			isa = XCBuildConfiguration;
			buildSettings = {
				ASSETCATALOG_COMPILER_APPICON_NAME = AppIcon;
				ASSETCATALOG_COMPILER_GLOBAL_ACCENT_COLOR_NAME = AccentColor;
				CODE_SIGN_STYLE = Automatic;
				CURRENT_PROJECT_VERSION = 1;
				GENERATE_INFOPLIST_FILE = YES;
				INFOPLIST_FILE = MoviesApp/Info.plist;
				INFOPLIST_KEY_UIApplicationSupportsIndirectInputEvents = YES;
				INFOPLIST_KEY_UILaunchStoryboardName = LaunchScreen;
				INFOPLIST_KEY_UIMainStoryboardFile = Main;
				INFOPLIST_KEY_UISupportedInterfaceOrientations_iPad = "UIInterfaceOrientationPortrait UIInterfaceOrientationPortraitUpsideDown UIInterfaceOrientationLandscapeLeft UIInterfaceOrientationLandscapeRight";
				INFOPLIST_KEY_UISupportedInterfaceOrientations_iPhone = "UIInterfaceOrientationPortrait UIInterfaceOrientationLandscapeLeft UIInterfaceOrientationLandscapeRight";
				LD_RUNPATH_SEARCH_PATHS = (
					"$(inherited)",
					"@executable_path/Frameworks",
				);
				MARKETING_VERSION = 1.0;
				PRODUCT_BUNDLE_IDENTIFIER = com.apostolclaudia.MoviesApp;
				PRODUCT_NAME = "$(TARGET_NAME)";
				SWIFT_EMIT_LOC_STRINGS = YES;
				SWIFT_VERSION = 5.0;
				TARGETED_DEVICE_FAMILY = "1,2";
			};
			name = Release;
		};
/* End XCBuildConfiguration section */

/* Begin XCConfigurationList section */
		8E2D3DA0290FFA8A00DFD605 /* Build configuration list for PBXProject "MoviesApp" */ = {
			isa = XCConfigurationList;
			buildConfigurations = (
				8E2D3DB7290FFA8C00DFD605 /* Debug */,
				8E2D3DB8290FFA8C00DFD605 /* Release */,
			);
			defaultConfigurationIsVisible = 0;
			defaultConfigurationName = Release;
		};
		8E2D3DB9290FFA8C00DFD605 /* Build configuration list for PBXNativeTarget "MoviesApp" */ = {
			isa = XCConfigurationList;
			buildConfigurations = (
				8E2D3DBA290FFA8C00DFD605 /* Debug */,
				8E2D3DBB290FFA8C00DFD605 /* Release */,
			);
			defaultConfigurationIsVisible = 0;
			defaultConfigurationName = Release;
		};
/* End XCConfigurationList section */
	};
	rootObject = 8E2D3D9D290FFA8A00DFD605 /* Project object */;
}
